github.com/dgryski/go-farm v0.0.0-20190323231341-8198c7b169ec h1:sElGDs3V8VdCxH5tWi0ycWJzteOPLJ3HtItSSKI95PY=
github.com/dgryski/go-farm v0.0.0-20190323231341-8198c7b169ec/go.mod h1:SqUrOPUnsFjfmXRMNPybcSiG0BgUW2AuFH8PAnS2iTw=
github.com/dgryski/go-metro v0.0.0-20180109044635-280f6062b5bc h1:8WFBn63wegobsYAX0YjD+8suexZDga5CctH4CCTx2+8=
github.com/dgryski/go-metro v0.0.0-20180109044635-280f6062b5bc/go.mod h1:c9O8+fpSOX1DM8cPNSkX/qsBWdkD4yd2dpciOWQjpBw=
github.com/jzelinskie/whirlpool v0.0.0-20170603002051-c19460b8caa6 h1:RyOL4+OIUc6u5ac2LclitlZvFES6k+sg18fBMfxFUUs=
github.com/jzelinskie/whirlpool v0.0.0-20170603002051-c19460b8caa6/go.mod h1:KmHnJWQrgEvbuy0vcvj00gtMqbvNn1L+3YUZLK/B92c=
github.com/minio/blake2b-simd v0.0.0-20160723061019-3f5f724cb5b1 h1:lYpkrQH5ajf0OXOcUbGjvZxxijuBwbbmlSxLiuofa+g=
github.com/minio/blake2b-simd v0.0.0-20160723061019-3f5f724cb5b1/go.mod h1:pD8RvIylQ358TN4wwqatJ8rNavkEINozVn9DtGI3dfQ=
github.com/tildeleb/aeshash v0.0.0-20161130201826-8ba92803f64b h1:q4R5sF/8uT3npdJWGwePWlgGpPeWKNDgM6hrJDg84+I=
github.com/tildeleb/aeshash v0.0.0-20161130201826-8ba92803f64b/go.mod h1:l7Z/PMOs9KRktIz2rDUvdXFFNWsi+D26UyHelxKlWD8=
github.com/tildeleb/cuckoo v0.0.0-20170928141613-23d6a3a21bf6 h1:hF6xaiHLxmUXAMI7474Twnr9cJlJxUJqrUx51IvdXAA=
github.com/tildeleb/cuckoo v0.0.0-20170928141613-23d6a3a21bf6/go.mod h1:OtzVuZAqk/+YnglJMnkVjAarNRN6EMPwFnukYerg0a8=
github.com/tildeleb/hashes v0.0.0-20171003003232-07375b562dea h1:duxxJVinM27SodNWgTlmUPq94oseMDwOtVHAGD4vdUA=
github.com/tildeleb/hashes v0.0.0-20171003003232-07375b562dea/go.mod h1:ap/T7iEoTUjqLezxIlhNUWnMFjoX91vCWG9bO3XS7gc=
github.com/tildeleb/hashland v0.0.0-20171003003232-07375b562dea h1:aE7nkhfs87RPvc+8ISeGEaQSQ8Fze4ZYFMDSuk39bOk=
github.com/tildeleb/hashland v0.0.0-20171003003232-07375b562dea/go.mod h1:/mp2QpFTFwg918l4vdwufYoHrK8LQrpRjsy3wGdk/6c=
github.com/tildeleb/hrff v0.0.0-20170927164517-757f8bd43e20 h1:uVxB7qPwtmzus2VpKn6Lit504qbH2jK77J3rd7AcqOQ=
github.com/tildeleb/hrff v0.0.0-20170927164517-757f8bd43e20/go.mod h1:g4oKspZi+bGwoLvqdjI3DR0alDtFeMDjYkpX27VrfxI=
